{
  "nodes": {
    "clipboard-pluggo": {
      "inputs": {
        "flake-utils": "flake-utils",
        "nixpkgs": [
          "nixpkgs"
        ]
      },
      "locked": {
        "lastModified": 1664802377,
        "narHash": "sha256-1qitJVrRTd5OKa9LWFMQzClTPHP98M+mY66I5B3VbDA=",
        "owner": "plugbench",
        "repo": "clipboard-pluggo",
        "rev": "50709f4d3861e4c36453a9ea8158b0b29169bd24",
        "type": "github"
      },
      "original": {
        "owner": "plugbench",
        "repo": "clipboard-pluggo",
        "type": "github"
      }
    },
    "flake-utils": {
      "locked": {
        "lastModified": 1659877975,
        "narHash": "sha256-zllb8aq3YO3h8B/U0/J1WBgAL8EX5yWf5pMj3G0NAmc=",
        "owner": "numtide",
        "repo": "flake-utils",
        "rev": "c0e246b9b83f637f4681389ecabcb2681b4f3af0",
        "type": "github"
      },
      "original": {
        "owner": "numtide",
        "repo": "flake-utils",
        "type": "github"
      }
    },
    "flake-utils_2": {
      "locked": {
        "lastModified": 1659877975,
        "narHash": "sha256-zllb8aq3YO3h8B/U0/J1WBgAL8EX5yWf5pMj3G0NAmc=",
        "owner": "numtide",
        "repo": "flake-utils",
        "rev": "c0e246b9b83f637f4681389ecabcb2681b4f3af0",
        "type": "github"
      },
      "original": {
        "owner": "numtide",
        "repo": "flake-utils",
        "type": "github"
      }
    },
    "flake-utils_3": {
      "locked": {
        "lastModified": 1659877975,
        "narHash": "sha256-zllb8aq3YO3h8B/U0/J1WBgAL8EX5yWf5pMj3G0NAmc=",
        "owner": "numtide",
        "repo": "flake-utils",
        "rev": "c0e246b9b83f637f4681389ecabcb2681b4f3af0",
        "type": "github"
      },
      "original": {
        "owner": "numtide",
        "repo": "flake-utils",
        "type": "github"
      }
    },
    "flake-utils_4": {
      "locked": {
        "lastModified": 1659877975,
        "narHash": "sha256-zllb8aq3YO3h8B/U0/J1WBgAL8EX5yWf5pMj3G0NAmc=",
        "owner": "numtide",
        "repo": "flake-utils",
        "rev": "c0e246b9b83f637f4681389ecabcb2681b4f3af0",
        "type": "github"
      },
      "original": {
        "owner": "numtide",
        "repo": "flake-utils",
        "type": "github"
      }
    },
    "kakoune-pluggo": {
      "inputs": {
        "flake-utils": "flake-utils_3",
        "nixpkgs": [
          "nixpkgs"
        ]
      },
      "locked": {
        "lastModified": 1664733230,
        "narHash": "sha256-7HAXELIIYkE1fqOqskZhKfGLkB4l1G/PkU9tCtyf/y0=",
        "owner": "plugbench",
        "repo": "kakoune-pluggo",
        "rev": "b8813ed19cdd5b7ca26b3a40af2aabe31094615b",
        "type": "github"
      },
      "original": {
        "owner": "plugbench",
        "repo": "kakoune-pluggo",
        "type": "github"
      }
    },
    "nixpkgs": {
      "locked": {
        "lastModified": 1664753041,
        "narHash": "sha256-0ogaD8PaGHluARFeupofvk1Nq9gpVeZdlFM0Kcwguys=",
        "owner": "NixOS",
        "repo": "nixpkgs",
        "rev": "a62844b302507c7531ad68a86cb7aa54704c9cb4",
        "type": "github"
      },
      "original": {
        "id": "nixpkgs",
        "type": "indirect"
      }
    },
    "plumber-pluggo": {
      "inputs": {
        "flake-utils": "flake-utils_4",
        "nixpkgs": [
          "nixpkgs"
        ]
      },
      "locked": {
        "lastModified": 1664733252,
        "narHash": "sha256-06AP9AypZXmwgponI9t9Hv8hFiE4XFJW31/P86qiGJo=",
        "owner": "plugbench",
        "repo": "plumber-pluggo",
        "rev": "c5a4316b261246c13ce0edc9f52c1bc981c62baf",
        "type": "github"
      },
      "original": {
        "owner": "plugbench",
        "repo": "plumber-pluggo",
        "type": "github"
      }
    },
    "root": {
      "inputs": {
        "clipboard-pluggo": "clipboard-pluggo",
        "flake-utils": "flake-utils_2",
        "kakoune-pluggo": "kakoune-pluggo",
        "nixpkgs": "nixpkgs",
        "plumber-pluggo": "plumber-pluggo"
      }
    }
  },
  "root": "root",
  "version": 7
}
